PackratFormat: 1.4
PackratVersion: 0.4.0.12
RVersion: 3.1.1
Repos: CRAN=http://cran.rstudio.com,
    BioCsoft=http://bioconductor.org/packages/2.14/bioc,
    BioCann=http://bioconductor.org/packages/2.14/data/annotation,
    BioCexp=http://bioconductor.org/packages/2.14/data/experiment,
    BioCextra=http://bioconductor.org/packages/2.14/extra

Package: annotate
Source: Bioconductor
Version: 1.42.1
Hash: 7c8ab3c0f5d7d26c16e1c59cc2b8281a
Requires: AnnotationDbi, Biobase, BiocGenerics, DBI, XML, xtable

Package: AnnotationDbi
Source: Bioconductor
Version: 1.26.1
Hash: 53c9eaa06d2cf6c4730c0acfe117b224
Requires: Biobase, BiocGenerics, DBI, GenomeInfoDb, IRanges, RSQLite

Package: assertthat
Source: CRAN
Version: 0.1
Hash: 4b419cfdc33a3019a7f3c6f0cdea6c38

Package: BH
Source: CRAN
Version: 1.54.0-4

Package: Biobase
Source: Bioconductor
Version: 2.24.0
Hash: 4f0274593caa26e59ae18db561d62908
Requires: BiocGenerics

Package: BiocGenerics
Source: Bioconductor
Version: 0.10.0
Hash: b6c70fc618424d8147d06f1b97858ceb

Package: bitops
Source: CRAN
Version: 1.0-6
Hash: cb26464a8321628636b547518994c931

Package: DBI
Source: CRAN
Version: 0.3.1
Hash: 3a9e85b26ec3ab570266bccb3f9de055

Package: dplyr
Source: CRAN
Version: 0.3.0.2
Hash: 8c0821444e12d75a6167f47c9d090cc7
Requires: assertthat, BH, DBI, lazyeval, magrittr, R6, Rcpp

Package: GenomeInfoDb
Source: Bioconductor
Version: 1.0.2
Hash: ee5a1f4fe5e3caa08293c78be19b35ca

Package: GEOquery
Source: Bioconductor
Version: 2.30.1
Hash: c30d06121721b7df8c9474b30301e511
Requires: Biobase, RCurl, XML

Package: graph
Source: Bioconductor
Version: 1.42.0
Hash: 93ec3415b9a554c327948ba70eccc00f
Requires: BiocGenerics

Package: GSEABase
Source: Bioconductor
Version: 1.26.0
Hash: 8075918bc9ca9fa849f7cea56c6f0083
Requires: annotate, AnnotationDbi, Biobase, BiocGenerics, graph, XML

Package: hgu95av2
Source: Bioconductor
Version: 2.2.0
Hash: f9c19e6d6577e33486f7d83f90c56a4e

Package: IRanges
Source: Bioconductor
Version: 1.22.10
Hash: fe4a7edc04d7d9305c9f414fb790aad7
Requires: BiocGenerics

Package: lazyeval
Source: CRAN
Version: 0.1.9
Hash: 2953778d951973e2889641c06275ecf3

Package: magrittr
Source: CRAN
Version: 1.0.1
Hash: 576e5bf21e3801499cebc27af6ad1627

Package: packrat
Source: github
Version: 0.4.0.12
Hash: e738f79a22521c57fad67a1679302385973cd958
GithubRepo: packrat
GithubUsername: rstudio
GithubRef: v0.98.1000
GithubSha1: e738f79a22521c57fad67a1679302385973cd958

Package: plyr
Source: CRAN
Version: 1.8.1
Hash: 6a287219196e18bc6261dc11b41b1ca0
Requires: Rcpp

Package: R6
Source: CRAN
Version: 2.0
Hash: a7fd0cf10401cde9177f1a685f72d15a

Package: Rcpp
Source: CRAN
Version: 0.11.3
Hash: d9cc0a13885961b2d004cf73b0fb68dd

Package: RCurl
Source: CRAN
Version: 1.95-4.3
Hash: 158377109f939084a72f240125f821d3
Requires: bitops

Package: reshape2
Source: CRAN
Version: 1.4
Hash: e50809918ebb73dff47de17d36d12975
Requires: plyr, Rcpp, stringr

Package: RSQLite
Source: CRAN
Version: 0.11.4
Hash: ec89370302e0078555a54c57b61373e2
Requires: DBI

Package: stringr
Source: CRAN
Version: 0.6.2
Hash: cdde0cfa0f52cffeaca23a11a3899779

Package: XML
Source: CRAN
Version: 3.98-1.1
Hash: 13746d37588e7083349177d6e8234864

Package: xtable
Source: CRAN
Version: 1.7-4
Hash: 7b30b5ca6c7ae80c4f916502e3ad0237
